// !$*UTF8*$!
{
	archiveVersion = 1;
	classes = {
	};
	objectVersion = 46;
	objects = {

/* Begin PBXBuildFile section */
		BC1E117D1DC05E530034B6B7 /* AppDelegate.swift in Sources */ = {isa = PBXBuildFile; fileRef = BC1E117C1DC05E530034B6B7 /* AppDelegate.swift */; };
		BC1E117F1DC05E530034B6B7 /* ViewController.swift in Sources */ = {isa = PBXBuildFile; fileRef = BC1E117E1DC05E530034B6B7 /* ViewController.swift */; };
		BC1E11821DC05E530034B6B7 /* Main.storyboard in Resources */ = {isa = PBXBuildFile; fileRef = BC1E11801DC05E530034B6B7 /* Main.storyboard */; };
		BC1E11841DC05E530034B6B7 /* Assets.xcassets in Resources */ = {isa = PBXBuildFile; fileRef = BC1E11831DC05E530034B6B7 /* Assets.xcassets */; };
		BC1E11871DC05E530034B6B7 /* LaunchScreen.storyboard in Resources */ = {isa = PBXBuildFile; fileRef = BC1E11851DC05E530034B6B7 /* LaunchScreen.storyboard */; };
/* End PBXBuildFile section */

/* Begin PBXFileReference section */
		BC1E11791DC05E530034B6B7 /* QNA.app */ = {isa = PBXFileReference; explicitFileType = wrapper.application; includeInIndex = 0; path = QNA.app; sourceTree = BUILT_PRODUCTS_DIR; };
		BC1E117C1DC05E530034B6B7 /* AppDelegate.swift */ = {isa = PBXFileReference; lastKnownFileType = sourcecode.swift; path = AppDelegate.swift; sourceTree = "<group>"; };
		BC1E117E1DC05E530034B6B7 /* ViewController.swift */ = {isa = PBXFileReference; lastKnownFileType = sourcecode.swift; path = ViewController.swift; sourceTree = "<group>"; };
		BC1E11811DC05E530034B6B7 /* Base */ = {isa = PBXFileReference; lastKnownFileType = file.storyboard; name = Base; path = Base.lproj/Main.storyboard; sourceTree = "<group>"; };
		BC1E11831DC05E530034B6B7 /* Assets.xcassets */ = {isa = PBXFileReference; lastKnownFileType = folder.assetcatalog; path = Assets.xcassets; sourceTree = "<group>"; };
		BC1E11861DC05E530034B6B7 /* Base */ = {isa = PBXFileReference; lastKnownFileType = file.storyboard; name = Base; path = Base.lproj/LaunchScreen.storyboard; sourceTree = "<group>"; };
		BC1E11881DC05E530034B6B7 /* Info.plist */ = {isa = PBXFileReference; lastKnownFileType = text.plist.xml; path = Info.plist; sourceTree = "<group>"; };
/* End PBXFileReference section */

/* Begin PBXFrameworksBuildPhase section */
		BC1E11761DC05E520034B6B7 /* Frameworks */ = {
			isa = PBXFrameworksBuildPhase;
			buildActionMask = 2147483647;
			files = (
			);
			runOnlyForDeploymentPostprocessing = 0;
		};
/* End PBXFrameworksBuildPhase section */

/* Begin PBXGroup section */
		BC1E11701DC05E520034B6B7 = {
			isa = PBXGroup;
			children = (
				BC1E117B1DC05E530034B6B7 /* QNA */,
				BC1E117A1DC05E530034B6B7 /* Products */,
			);
			sourceTree = "<group>";
		};
		BC1E117A1DC05E530034B6B7 /* Products */ = {
			isa = PBXGroup;
			children = (
				BC1E11791DC05E530034B6B7 /* QNA.app */,
			);
			name = Products;
			sourceTree = "<group>";
		};
		BC1E117B1DC05E530034B6B7 /* QNA */ = {
			isa = PBXGroup;
			children = (
				BC1E117C1DC05E530034B6B7 /* AppDelegate.swift */,
				BC1E117E1DC05E530034B6B7 /* ViewController.swift */,
				BC1E11801DC05E530034B6B7 /* Main.storyboard */,
				BC1E11831DC05E530034B6B7 /* Assets.xcassets */,
				BC1E11851DC05E530034B6B7 /* LaunchScreen.storyboard */,
				BC1E11881DC05E530034B6B7 /* Info.plist */,
			);
			path = QNA;
			sourceTree = "<group>";
		};
/* End PBXGroup section */

/* Begin PBXNativeTarget section */
		BC1E11781DC05E520034B6B7 /* QNA */ = {
			isa = PBXNativeTarget;
			buildConfigurationList = BC1E118B1DC05E530034B6B7 /* Build configuration list for PBXNativeTarget "QNA" */;
			buildPhases = (
				BC1E11751DC05E520034B6B7 /* Sources */,
				BC1E11761DC05E520034B6B7 /* Frameworks */,
				BC1E11771DC05E520034B6B7 /* Resources */,
			);
			buildRules = (
			);
			dependencies = (
			);
			name = QNA;
			productName = QNA;
			productReference = BC1E11791DC05E530034B6B7 /* QNA.app */;
			productType = "com.apple.product-type.application";
		};
/* End PBXNativeTarget section */

/* Begin PBXProject section */
		BC1E11711DC05E520034B6B7 /* Project object */ = {
			isa = PBXProject;
			attributes = {
				LastSwiftUpdateCheck = 0800;
				LastUpgradeCheck = 0800;
				ORGANIZATIONNAME = "zero plus";
				TargetAttributes = {
					BC1E11781DC05E520034B6B7 = {
						CreatedOnToolsVersion = 8.0;
						ProvisioningStyle = Automatic;
					};
				};
			};
			buildConfigurationList = BC1E11741DC05E520034B6B7 /* Build configuration list for PBXProject "QNA" */;
			compatibilityVersion = "Xcode 3.2";
			developmentRegion = English;
			hasScannedForEncodings = 0;
			knownRegions = (
				en,
				Base,
			);
			mainGroup = BC1E11701DC05E520034B6B7;
			productRefGroup = BC1E117A1DC05E530034B6B7 /* Products */;
			projectDirPath = "";
			projectRoot = "";
			targets = (
				BC1E11781DC05E520034B6B7 /* QNA */,
			);
		};
/* End PBXProject section */

/* Begin PBXResourcesBuildPhase section */
		BC1E11771DC05E520034B6B7 /* Resources */ = {
			isa = PBXResourcesBuildPhase;
			buildActionMask = 2147483647;
			files = (
				BC1E11871DC05E530034B6B7 /* LaunchScreen.storyboard in Resources */,
				BC1E11841DC05E530034B6B7 /* Assets.xcassets in Resources */,
				BC1E11821DC05E530034B6B7 /* Main.storyboard in Resources */,
			);
			runOnlyForDeploymentPostprocessing = 0;
		};
/* End PBXResourcesBuildPhase section */

/* Begin PBXSourcesBuildPhase section */
		BC1E11751DC05E520034B6B7 /* Sources */ = {
			isa = PBXSourcesBuildPhase;
			buildActionMask = 2147483647;
			files = (
				BC1E117F1DC05E530034B6B7 /* ViewController.swift in Sources */,
				BC1E117D1DC05E530034B6B7 /* AppDelegate.swift in Sources */,
			);
			runOnlyForDeploymentPostprocessing = 0;
		};
/* End PBXSourcesBuildPhase section */

/* Begin PBXVariantGroup section */
		BC1E11801DC05E530034B6B7 /* Main.storyboard */ = {
			isa = PBXVariantGroup;
			children = (
				BC1E11811DC05E530034B6B7 /* Base */,
			);
			name = Main.storyboard;
			sourceTree = "<group>";
		};
		BC1E11851DC05E530034B6B7 /* LaunchScreen.storyboard */ = {
			isa = PBXVariantGroup;
			children = (
				BC1E11861DC05E530034B6B7 /* Base */,
			);
			name = LaunchScreen.storyboard;
			sourceTree = "<group>";
		};
/* End PBXVariantGroup section */

/* Begin XCBuildConfiguration section */
		BC1E11891DC05E530034B6B7 /* Debug */ = {
			isa = XCBuildConfiguration;
			buildSettings = {
				ALWAYS_SEARCH_USER_PATHS = NO;
				CLANG_ANALYZER_NONNULL = YES;
				CLANG_CXX_LANGUAGE_STANDARD = "gnu++0x";
				CLANG_CXX_LIBRARY = "libc++";
				CLANG_ENABLE_MODULES = YES;
				CLANG_ENABLE_OBJC_ARC = YES;
				CLANG_WARN_BOOL_CONVERSION = YES;
				CLANG_WARN_CONSTANT_CONVERSION = YES;
				CLANG_WARN_DIRECT_OBJC_ISA_USAGE = YES_ERROR;
				CLANG_WARN_DOCUMENTATION_COMMENTS = YES;
				CLANG_WARN_EMPTY_BODY = YES;
				CLANG_WARN_ENUM_CONVERSION = YES;
				CLANG_WARN_INFINITE_RECURSION = YES;
				CLANG_WARN_INT_CONVERSION = YES;
				CLANG_WARN_OBJC_ROOT_CLASS = YES_ERROR;
				CLANG_WARN_SUSPICIOUS_MOVES = YES;
				CLANG_WARN_UNREACHABLE_CODE = YES;
				CLANG_WARN__DUPLICATE_METHOD_MATCH = YES;
				"CODE_SIGN_IDENTITY[sdk=iphoneos*]" = "iPhone Developer";
				COPY_PHASE_STRIP = NO;
				DEBUG_INFORMATION_FORMAT = dwarf;
				ENABLE_STRICT_OBJC_MSGSEND = YES;
				ENABLE_TESTABILITY = YES;
				GCC_C_LANGUAGE_STANDARD = gnu99;
				GCC_DYNAMIC_NO_PIC = NO;
				GCC_NO_COMMON_BLOCKS = YES;
				GCC_OPTIMIZATION_LEVEL = 0;
				GCC_PREPROCESSOR_DEFINITIONS = (
					"DEBUG=1",
					"$(inherited)",
				);
				GCC_WARN_64_TO_32_BIT_CONVERSION = YES;
				GCC_WARN_ABOUT_RETURN_TYPE = YES_ERROR;
				GCC_WARN_UNDECLARED_SELECTOR = YES;
				GCC_WARN_UNINITIALIZED_AUTOS = YES_AGGRESSIVE;
				GCC_WARN_UNUSED_FUNCTION = YES;
				GCC_WARN_UNUSED_VARIABLE = YES;
				IPHONEOS_DEPLOYMENT_TARGET = 10.0;
				MTL_ENABLE_DEBUG_INFO = YES;
				ONLY_ACTIVE_ARCH = YES;
				SDKROOT = iphoneos;
				SWIFT_ACTIVE_COMPILATION_CONDITIONS = DEBUG;
				SWIFT_OPTIMIZATION_LEVEL = "-Onone";
			};
			name = Debug;
		};
		BC1E118A1DC05E530034B6B7 /* Release */ = {
			isa = XCBuildConfiguration;
			buildSettings = {
				ALWAYS_SEARCH_USER_PATHS = NO;
				CLANG_ANALYZER_NONNULL = YES;
				CLANG_CXX_LANGUAGE_STANDARD = "gnu++0x";
				CLANG_CXX_LIBRARY = "libc++";
				CLANG_ENABLE_MODULES = YES;
				CLANG_ENABLE_OBJC_ARC = YES;
				CLANG_WARN_BOOL_CONVERSION = YES;
				CLANG_WARN_CONSTANT_CONVERSION = YES;
				CLANG_WARN_DIRECT_OBJC_ISA_USAGE = YES_ERROR;
				CLANG_WARN_DOCUMENTATION_COMMENTS = YES;
				CLANG_WARN_EMPTY_BODY = YES;
				CLANG_WARN_ENUM_CONVERSION = YES;
				CLANG_WARN_INFINITE_RECURSION = YES;
				CLANG_WARN_INT_CONVERSION = YES;
				CLANG_WARN_OBJC_ROOT_CLASS = YES_ERROR;
				CLANG_WARN_SUSPICIOUS_MOVES = YES;
				CLANG_WARN_UNREACHABLE_CODE = YES;
				CLANG_WARN__DUPLICATE_METHOD_MATCH = YES;
				"CODE_SIGN_IDENTITY[sdk=iphoneos*]" = "iPhone Developer";
				COPY_PHASE_STRIP = NO;
				DEBUG_INFORMATION_FORMAT = "dwarf-with-dsym";
				ENABLE_NS_ASSERTIONS = NO;
				ENABLE_STRICT_OBJC_MSGSEND = YES;
				GCC_C_LANGUAGE_STANDARD = gnu99;
				GCC_NO_COMMON_BLOCKS = YES;
				GCC_WARN_64_TO_32_BIT_CONVERSION = YES;
				GCC_WARN_ABOUT_RETURN_TYPE = YES_ERROR;
				GCC_WARN_UNDECLARED_SELECTOR = YES;
				GCC_WARN_UNINITIALIZED_AUTOS = YES_AGGRESSIVE;
				GCC_WARN_UNUSED_FUNCTION = YES;
				GCC_WARN_UNUSED_VARIABLE = YES;
				IPHONEOS_DEPLOYMENT_TARGET = 10.0;
				MTL_ENABLE_DEBUG_INFO = NO;
				SDKROOT = iphoneos;
				SWIFT_OPTIMIZATION_LEVEL = "-Owholemodule";
				VALIDATE_PRODUCT = YES;
			};
			name = Release;
		};
		BC1E118C1DC05E530034B6B7 /* Debug */ = {
			isa = XCBuildConfiguration;
			buildSettings = {
				ASSETCATALOG_COMPILER_APPICON_NAME = AppIcon;
				INFOPLIST_FILE = QNA/Info.plist;
				LD_RUNPATH_SEARCH_PATHS = "$(inherited) @executable_path/Frameworks";
				PRODUCT_BUNDLE_IDENTIFIER = com.wow.QNA;
				PRODUCT_NAME = "$(TARGET_NAME)";
				SWIFT_VERSION = 3.0;
			};
			name = Debug;
		};
		BC1E118D1DC05E530034B6B7 /* Release */ = {
			isa = XCBuildConfiguration;
			buildSettings = {
				ASSETCATALOG_COMPILER_APPICON_NAME = AppIcon;
				INFOPLIST_FILE = QNA/Info.plist;
				LD_RUNPATH_SEARCH_PATHS = "$(inherited) @executable_path/Frameworks";
				PRODUCT_BUNDLE_IDENTIFIER = com.wow.QNA;
				PRODUCT_NAME = "$(TARGET_NAME)";
				SWIFT_VERSION = 3.0;
			};
			name = Release;
		};
/* End XCBuildConfiguration section */

/* Begin XCConfigurationList section */
		BC1E11741DC05E520034B6B7 /* Build configuration list for PBXProject "QNA" */ = {
			isa = XCConfigurationList;
			buildConfigurations = (
				BC1E11891DC05E530034B6B7 /* Debug */,
				BC1E118A1DC05E530034B6B7 /* Release */,
			);
			defaultConfigurationIsVisible = 0;
			defaultConfigurationName = Release;
		};
		BC1E118B1DC05E530034B6B7 /* Build configuration list for PBXNativeTarget "QNA" */ = {
			isa = XCConfigurationList;
			buildConfigurations = (
				BC1E118C1DC05E530034B6B7 /* Debug */,
				BC1E118D1DC05E530034B6B7 /* Release */,
			);
			defaultConfigurationIsVisible = 0;
		};
/* End XCConfigurationList section */
	};
	rootObject = BC1E11711DC05E520034B6B7 /* Project object */;
}
